// !$*UTF8*$!
{
	archiveVersion = 1;
	classes = {
	};
	objectVersion = 48;
	objects = {

/* Begin PBXBuildFile section */
		A7A1F6FF1FD6715A0076F7A3 /* HomeViewController.m in Sources */ = {isa = PBXBuildFile; fileRef = A7A1F6FE1FD6715A0076F7A3 /* HomeViewController.m */; };
		C81D591E6BCBF6C47CC03030 /* libPods-MG_PrizeClaw.a in Frameworks */ = {isa = PBXBuildFile; fileRef = 9F1D777541CC6BF865A12444 /* libPods-MG_PrizeClaw.a */; };
		FE617BA31FD53B2300D9FC86 /* AppDelegate.m in Sources */ = {isa = PBXBuildFile; fileRef = FE617BA21FD53B2300D9FC86 /* AppDelegate.m */; };
		FE617BA61FD53B2300D9FC86 /* ViewController.m in Sources */ = {isa = PBXBuildFile; fileRef = FE617BA51FD53B2300D9FC86 /* ViewController.m */; };
		FE617BA91FD53B2300D9FC86 /* Main.storyboard in Resources */ = {isa = PBXBuildFile; fileRef = FE617BA71FD53B2300D9FC86 /* Main.storyboard */; };
		FE617BAB1FD53B2300D9FC86 /* Assets.xcassets in Resources */ = {isa = PBXBuildFile; fileRef = FE617BAA1FD53B2300D9FC86 /* Assets.xcassets */; };
		FE617BAE1FD53B2300D9FC86 /* LaunchScreen.storyboard in Resources */ = {isa = PBXBuildFile; fileRef = FE617BAC1FD53B2300D9FC86 /* LaunchScreen.storyboard */; };
		FE617BB11FD53B2300D9FC86 /* main.m in Sources */ = {isa = PBXBuildFile; fileRef = FE617BB01FD53B2300D9FC86 /* main.m */; };
		FE617BBB1FD53B2300D9FC86 /* MG_PrizeClawTests.m in Sources */ = {isa = PBXBuildFile; fileRef = FE617BBA1FD53B2300D9FC86 /* MG_PrizeClawTests.m */; };
		FE617BC61FD53B2300D9FC86 /* MG_PrizeClawUITests.m in Sources */ = {isa = PBXBuildFile; fileRef = FE617BC51FD53B2300D9FC86 /* MG_PrizeClawUITests.m */; };
		FEFCCC0D1FD7C134004F26A5 /* HomeCollectionViewCell.m in Sources */ = {isa = PBXBuildFile; fileRef = FEFCCC0C1FD7C134004F26A5 /* HomeCollectionViewCell.m */; };
		FEFCCC111FD7CEA1004F26A5 /* HomeCollectHeaderView.m in Sources */ = {isa = PBXBuildFile; fileRef = FEFCCC101FD7CEA1004F26A5 /* HomeCollectHeaderView.m */; };
		FEFCCC391FD7ED8D004F26A5 /* TAAbstractDotView.m in Sources */ = {isa = PBXBuildFile; fileRef = FEFCCC2C1FD7ED8D004F26A5 /* TAAbstractDotView.m */; };
		FEFCCC3A1FD7ED8D004F26A5 /* TAAnimatedDotView.m in Sources */ = {isa = PBXBuildFile; fileRef = FEFCCC2E1FD7ED8D004F26A5 /* TAAnimatedDotView.m */; };
		FEFCCC3B1FD7ED8D004F26A5 /* TADotView.m in Sources */ = {isa = PBXBuildFile; fileRef = FEFCCC301FD7ED8D004F26A5 /* TADotView.m */; };
		FEFCCC3C1FD7ED8D004F26A5 /* TAPageControl.m in Sources */ = {isa = PBXBuildFile; fileRef = FEFCCC321FD7ED8D004F26A5 /* TAPageControl.m */; };
		FEFCCC3D1FD7ED8D004F26A5 /* SDCollectionViewCell.m in Sources */ = {isa = PBXBuildFile; fileRef = FEFCCC341FD7ED8D004F26A5 /* SDCollectionViewCell.m */; };
		FEFCCC3E1FD7ED8D004F26A5 /* SDCycleScrollView.m in Sources */ = {isa = PBXBuildFile; fileRef = FEFCCC361FD7ED8D004F26A5 /* SDCycleScrollView.m */; };
		FEFCCC3F1FD7ED8D004F26A5 /* UIView+SDExtension.m in Sources */ = {isa = PBXBuildFile; fileRef = FEFCCC381FD7ED8D004F26A5 /* UIView+SDExtension.m */; };
		FEFCCC421FD92094004F26A5 /* UIView+LSCore.m in Sources */ = {isa = PBXBuildFile; fileRef = FEFCCC411FD92094004F26A5 /* UIView+LSCore.m */; };
		FEFCCC451FD92388004F26A5 /* UIView+additional.m in Sources */ = {isa = PBXBuildFile; fileRef = FEFCCC441FD92388004F26A5 /* UIView+additional.m */; };
		FEFCCC4F1FD926B8004F26A5 /* MyCollectionViewCell.m in Sources */ = {isa = PBXBuildFile; fileRef = FEFCCC4A1FD926B8004F26A5 /* MyCollectionViewCell.m */; };
		FEFCCC501FD926B8004F26A5 /* MyViewController.m in Sources */ = {isa = PBXBuildFile; fileRef = FEFCCC4C1FD926B8004F26A5 /* MyViewController.m */; };
		FEFCCC511FD926B8004F26A5 /* NavView.m in Sources */ = {isa = PBXBuildFile; fileRef = FEFCCC4E1FD926B8004F26A5 /* NavView.m */; };
		FEFCCC9F1FD9544D004F26A5 /* SuspendButtonViewController.m in Sources */ = {isa = PBXBuildFile; fileRef = FEFCCC9D1FD9544D004F26A5 /* SuspendButtonViewController.m */; };
		FEFCCCA11FD9559C004F26A5 /* suspendImage@2x.png in Resources */ = {isa = PBXBuildFile; fileRef = FEFCCCA01FD9559C004F26A5 /* suspendImage@2x.png */; };
		FEFCCCC81FDE53C0004F26A5 /* FetchingRecordsCell.m in Sources */ = {isa = PBXBuildFile; fileRef = FEFCCCC51FDE53C0004F26A5 /* FetchingRecordsCell.m */; };
		FEFCCCC91FDE53C0004F26A5 /* FetchingRecordsController.m in Sources */ = {isa = PBXBuildFile; fileRef = FEFCCCC71FDE53C0004F26A5 /* FetchingRecordsController.m */; };
		FEFCCCCD1FDE5726004F26A5 /* SettingViewController.m in Sources */ = {isa = PBXBuildFile; fileRef = FEFCCCCC1FDE5726004F26A5 /* SettingViewController.m */; };
		FEFCCCD01FDE5797004F26A5 /* MG_BaseViewController.m in Sources */ = {isa = PBXBuildFile; fileRef = FEFCCCCF1FDE5797004F26A5 /* MG_BaseViewController.m */; };
		FEFCCCD31FDE580F004F26A5 /* SettingAddressViewController.m in Sources */ = {isa = PBXBuildFile; fileRef = FEFCCCD21FDE580F004F26A5 /* SettingAddressViewController.m */; };
		FEFCCCD61FDE582A004F26A5 /* AddressTableViewCell.m in Sources */ = {isa = PBXBuildFile; fileRef = FEFCCCD51FDE582A004F26A5 /* AddressTableViewCell.m */; };
		FEFCCCD91FDE7961004F26A5 /* EditAddressViewController.m in Sources */ = {isa = PBXBuildFile; fileRef = FEFCCCD81FDE7961004F26A5 /* EditAddressViewController.m */; };
		FEFCCCDC1FDE884A004F26A5 /* MessageViewController.m in Sources */ = {isa = PBXBuildFile; fileRef = FEFCCCDB1FDE884A004F26A5 /* MessageViewController.m */; };
		FEFCCCDF1FDE8929004F26A5 /* MessageTableViewCell.m in Sources */ = {isa = PBXBuildFile; fileRef = FEFCCCDE1FDE8929004F26A5 /* MessageTableViewCell.m */; };
		FEFCCCE31FDE8C0D004F26A5 /* MessageModel.m in Sources */ = {isa = PBXBuildFile; fileRef = FEFCCCE21FDE8C0D004F26A5 /* MessageModel.m */; };
/* End PBXBuildFile section */

/* Begin PBXContainerItemProxy section */
		FE617BB71FD53B2300D9FC86 /* PBXContainerItemProxy */ = {
			isa = PBXContainerItemProxy;
			containerPortal = FE617B961FD53B2300D9FC86 /* Project object */;
			proxyType = 1;
			remoteGlobalIDString = FE617B9D1FD53B2300D9FC86;
			remoteInfo = MG_PrizeClaw;
		};
		FE617BC21FD53B2300D9FC86 /* PBXContainerItemProxy */ = {
			isa = PBXContainerItemProxy;
			containerPortal = FE617B961FD53B2300D9FC86 /* Project object */;
			proxyType = 1;
			remoteGlobalIDString = FE617B9D1FD53B2300D9FC86;
			remoteInfo = MG_PrizeClaw;
		};
/* End PBXContainerItemProxy section */

/* Begin PBXFileReference section */
		63745F092C230B9B62F3F0BD /* Pods-MG_PrizeClaw.release.xcconfig */ = {isa = PBXFileReference; includeInIndex = 1; lastKnownFileType = text.xcconfig; name = "Pods-MG_PrizeClaw.release.xcconfig"; path = "Pods/Target Support Files/Pods-MG_PrizeClaw/Pods-MG_PrizeClaw.release.xcconfig"; sourceTree = "<group>"; };
		9F1D777541CC6BF865A12444 /* libPods-MG_PrizeClaw.a */ = {isa = PBXFileReference; explicitFileType = archive.ar; includeInIndex = 0; path = "libPods-MG_PrizeClaw.a"; sourceTree = BUILT_PRODUCTS_DIR; };
		A7A1F6FD1FD6715A0076F7A3 /* HomeViewController.h */ = {isa = PBXFileReference; lastKnownFileType = sourcecode.c.h; path = HomeViewController.h; sourceTree = "<group>"; };
		A7A1F6FE1FD6715A0076F7A3 /* HomeViewController.m */ = {isa = PBXFileReference; lastKnownFileType = sourcecode.c.objc; path = HomeViewController.m; sourceTree = "<group>"; };
		C06275ED6F8D3D9E775CA0BE /* Pods-MG_PrizeClaw.debug.xcconfig */ = {isa = PBXFileReference; includeInIndex = 1; lastKnownFileType = text.xcconfig; name = "Pods-MG_PrizeClaw.debug.xcconfig"; path = "Pods/Target Support Files/Pods-MG_PrizeClaw/Pods-MG_PrizeClaw.debug.xcconfig"; sourceTree = "<group>"; };
		FE617B9E1FD53B2300D9FC86 /* MG_PrizeClaw.app */ = {isa = PBXFileReference; explicitFileType = wrapper.application; includeInIndex = 0; path = MG_PrizeClaw.app; sourceTree = BUILT_PRODUCTS_DIR; };
		FE617BA11FD53B2300D9FC86 /* AppDelegate.h */ = {isa = PBXFileReference; lastKnownFileType = sourcecode.c.h; path = AppDelegate.h; sourceTree = "<group>"; };
		FE617BA21FD53B2300D9FC86 /* AppDelegate.m */ = {isa = PBXFileReference; lastKnownFileType = sourcecode.c.objc; path = AppDelegate.m; sourceTree = "<group>"; };
		FE617BA41FD53B2300D9FC86 /* ViewController.h */ = {isa = PBXFileReference; lastKnownFileType = sourcecode.c.h; path = ViewController.h; sourceTree = "<group>"; };
		FE617BA51FD53B2300D9FC86 /* ViewController.m */ = {isa = PBXFileReference; lastKnownFileType = sourcecode.c.objc; path = ViewController.m; sourceTree = "<group>"; };
		FE617BA81FD53B2300D9FC86 /* Base */ = {isa = PBXFileReference; lastKnownFileType = file.storyboard; name = Base; path = Base.lproj/Main.storyboard; sourceTree = "<group>"; };
		FE617BAA1FD53B2300D9FC86 /* Assets.xcassets */ = {isa = PBXFileReference; lastKnownFileType = folder.assetcatalog; path = Assets.xcassets; sourceTree = "<group>"; };
		FE617BAD1FD53B2300D9FC86 /* Base */ = {isa = PBXFileReference; lastKnownFileType = file.storyboard; name = Base; path = Base.lproj/LaunchScreen.storyboard; sourceTree = "<group>"; };
		FE617BAF1FD53B2300D9FC86 /* Info.plist */ = {isa = PBXFileReference; lastKnownFileType = text.plist.xml; path = Info.plist; sourceTree = "<group>"; };
		FE617BB01FD53B2300D9FC86 /* main.m */ = {isa = PBXFileReference; lastKnownFileType = sourcecode.c.objc; path = main.m; sourceTree = "<group>"; };
		FE617BB61FD53B2300D9FC86 /* MG_PrizeClawTests.xctest */ = {isa = PBXFileReference; explicitFileType = wrapper.cfbundle; includeInIndex = 0; path = MG_PrizeClawTests.xctest; sourceTree = BUILT_PRODUCTS_DIR; };
		FE617BBA1FD53B2300D9FC86 /* MG_PrizeClawTests.m */ = {isa = PBXFileReference; lastKnownFileType = sourcecode.c.objc; path = MG_PrizeClawTests.m; sourceTree = "<group>"; };
		FE617BBC1FD53B2300D9FC86 /* Info.plist */ = {isa = PBXFileReference; lastKnownFileType = text.plist.xml; path = Info.plist; sourceTree = "<group>"; };
		FE617BC11FD53B2300D9FC86 /* MG_PrizeClawUITests.xctest */ = {isa = PBXFileReference; explicitFileType = wrapper.cfbundle; includeInIndex = 0; path = MG_PrizeClawUITests.xctest; sourceTree = BUILT_PRODUCTS_DIR; };
		FE617BC51FD53B2300D9FC86 /* MG_PrizeClawUITests.m */ = {isa = PBXFileReference; lastKnownFileType = sourcecode.c.objc; path = MG_PrizeClawUITests.m; sourceTree = "<group>"; };
		FE617BC71FD53B2300D9FC86 /* Info.plist */ = {isa = PBXFileReference; lastKnownFileType = text.plist.xml; path = Info.plist; sourceTree = "<group>"; };
		FE617BD31FD53BFD00D9FC86 /* MG_PrizeClaw-Prefix.pch */ = {isa = PBXFileReference; lastKnownFileType = sourcecode.c.h; path = "MG_PrizeClaw-Prefix.pch"; sourceTree = "<group>"; };
		FEFCCC0B1FD7C134004F26A5 /* HomeCollectionViewCell.h */ = {isa = PBXFileReference; lastKnownFileType = sourcecode.c.h; path = HomeCollectionViewCell.h; sourceTree = "<group>"; };
		FEFCCC0C1FD7C134004F26A5 /* HomeCollectionViewCell.m */ = {isa = PBXFileReference; lastKnownFileType = sourcecode.c.objc; path = HomeCollectionViewCell.m; sourceTree = "<group>"; };
		FEFCCC0E1FD7C445004F26A5 /* MG_PrizeClawCommon.h */ = {isa = PBXFileReference; lastKnownFileType = sourcecode.c.h; path = MG_PrizeClawCommon.h; sourceTree = "<group>"; };
		FEFCCC0F1FD7CEA1004F26A5 /* HomeCollectHeaderView.h */ = {isa = PBXFileReference; lastKnownFileType = sourcecode.c.h; path = HomeCollectHeaderView.h; sourceTree = "<group>"; };
		FEFCCC101FD7CEA1004F26A5 /* HomeCollectHeaderView.m */ = {isa = PBXFileReference; lastKnownFileType = sourcecode.c.objc; path = HomeCollectHeaderView.m; sourceTree = "<group>"; };
		FEFCCC2B1FD7ED8D004F26A5 /* TAAbstractDotView.h */ = {isa = PBXFileReference; fileEncoding = 4; lastKnownFileType = sourcecode.c.h; path = TAAbstractDotView.h; sourceTree = "<group>"; };
		FEFCCC2C1FD7ED8D004F26A5 /* TAAbstractDotView.m */ = {isa = PBXFileReference; fileEncoding = 4; lastKnownFileType = sourcecode.c.objc; path = TAAbstractDotView.m; sourceTree = "<group>"; };
		FEFCCC2D1FD7ED8D004F26A5 /* TAAnimatedDotView.h */ = {isa = PBXFileReference; fileEncoding = 4; lastKnownFileType = sourcecode.c.h; path = TAAnimatedDotView.h; sourceTree = "<group>"; };
		FEFCCC2E1FD7ED8D004F26A5 /* TAAnimatedDotView.m */ = {isa = PBXFileReference; fileEncoding = 4; lastKnownFileType = sourcecode.c.objc; path = TAAnimatedDotView.m; sourceTree = "<group>"; };
		FEFCCC2F1FD7ED8D004F26A5 /* TADotView.h */ = {isa = PBXFileReference; fileEncoding = 4; lastKnownFileType = sourcecode.c.h; path = TADotView.h; sourceTree = "<group>"; };
		FEFCCC301FD7ED8D004F26A5 /* TADotView.m */ = {isa = PBXFileReference; fileEncoding = 4; lastKnownFileType = sourcecode.c.objc; path = TADotView.m; sourceTree = "<group>"; };
		FEFCCC311FD7ED8D004F26A5 /* TAPageControl.h */ = {isa = PBXFileReference; fileEncoding = 4; lastKnownFileType = sourcecode.c.h; path = TAPageControl.h; sourceTree = "<group>"; };
		FEFCCC321FD7ED8D004F26A5 /* TAPageControl.m */ = {isa = PBXFileReference; fileEncoding = 4; lastKnownFileType = sourcecode.c.objc; path = TAPageControl.m; sourceTree = "<group>"; };
		FEFCCC331FD7ED8D004F26A5 /* SDCollectionViewCell.h */ = {isa = PBXFileReference; fileEncoding = 4; lastKnownFileType = sourcecode.c.h; path = SDCollectionViewCell.h; sourceTree = "<group>"; };
		FEFCCC341FD7ED8D004F26A5 /* SDCollectionViewCell.m */ = {isa = PBXFileReference; fileEncoding = 4; lastKnownFileType = sourcecode.c.objc; path = SDCollectionViewCell.m; sourceTree = "<group>"; };
		FEFCCC351FD7ED8D004F26A5 /* SDCycleScrollView.h */ = {isa = PBXFileReference; fileEncoding = 4; lastKnownFileType = sourcecode.c.h; path = SDCycleScrollView.h; sourceTree = "<group>"; };
		FEFCCC361FD7ED8D004F26A5 /* SDCycleScrollView.m */ = {isa = PBXFileReference; fileEncoding = 4; lastKnownFileType = sourcecode.c.objc; path = SDCycleScrollView.m; sourceTree = "<group>"; };
		FEFCCC371FD7ED8D004F26A5 /* UIView+SDExtension.h */ = {isa = PBXFileReference; fileEncoding = 4; lastKnownFileType = sourcecode.c.h; path = "UIView+SDExtension.h"; sourceTree = "<group>"; };
		FEFCCC381FD7ED8D004F26A5 /* UIView+SDExtension.m */ = {isa = PBXFileReference; fileEncoding = 4; lastKnownFileType = sourcecode.c.objc; path = "UIView+SDExtension.m"; sourceTree = "<group>"; };
		FEFCCC401FD92094004F26A5 /* UIView+LSCore.h */ = {isa = PBXFileReference; lastKnownFileType = sourcecode.c.h; path = "UIView+LSCore.h"; sourceTree = "<group>"; };
		FEFCCC411FD92094004F26A5 /* UIView+LSCore.m */ = {isa = PBXFileReference; lastKnownFileType = sourcecode.c.objc; path = "UIView+LSCore.m"; sourceTree = "<group>"; };
		FEFCCC431FD92388004F26A5 /* UIView+additional.h */ = {isa = PBXFileReference; fileEncoding = 4; lastKnownFileType = sourcecode.c.h; path = "UIView+additional.h"; sourceTree = "<group>"; };
		FEFCCC441FD92388004F26A5 /* UIView+additional.m */ = {isa = PBXFileReference; fileEncoding = 4; lastKnownFileType = sourcecode.c.objc; path = "UIView+additional.m"; sourceTree = "<group>"; };
		FEFCCC491FD926B8004F26A5 /* MyCollectionViewCell.h */ = {isa = PBXFileReference; fileEncoding = 4; lastKnownFileType = sourcecode.c.h; path = MyCollectionViewCell.h; sourceTree = "<group>"; };
		FEFCCC4A1FD926B8004F26A5 /* MyCollectionViewCell.m */ = {isa = PBXFileReference; fileEncoding = 4; lastKnownFileType = sourcecode.c.objc; path = MyCollectionViewCell.m; sourceTree = "<group>"; };
		FEFCCC4B1FD926B8004F26A5 /* MyViewController.h */ = {isa = PBXFileReference; fileEncoding = 4; lastKnownFileType = sourcecode.c.h; path = MyViewController.h; sourceTree = "<group>"; };
		FEFCCC4C1FD926B8004F26A5 /* MyViewController.m */ = {isa = PBXFileReference; fileEncoding = 4; lastKnownFileType = sourcecode.c.objc; path = MyViewController.m; sourceTree = "<group>"; };
		FEFCCC4D1FD926B8004F26A5 /* NavView.h */ = {isa = PBXFileReference; fileEncoding = 4; lastKnownFileType = sourcecode.c.h; path = NavView.h; sourceTree = "<group>"; };
		FEFCCC4E1FD926B8004F26A5 /* NavView.m */ = {isa = PBXFileReference; fileEncoding = 4; lastKnownFileType = sourcecode.c.objc; path = NavView.m; sourceTree = "<group>"; };
		FEFCCC9D1FD9544D004F26A5 /* SuspendButtonViewController.m */ = {isa = PBXFileReference; fileEncoding = 4; lastKnownFileType = sourcecode.c.objc; path = SuspendButtonViewController.m; sourceTree = "<group>"; };
		FEFCCC9E1FD9544D004F26A5 /* SuspendButtonViewController.h */ = {isa = PBXFileReference; fileEncoding = 4; lastKnownFileType = sourcecode.c.h; path = SuspendButtonViewController.h; sourceTree = "<group>"; };
		FEFCCCA01FD9559C004F26A5 /* suspendImage@2x.png */ = {isa = PBXFileReference; lastKnownFileType = image.png; path = "suspendImage@2x.png"; sourceTree = "<group>"; };
		FEFCCCC41FDE53C0004F26A5 /* FetchingRecordsCell.h */ = {isa = PBXFileReference; fileEncoding = 4; lastKnownFileType = sourcecode.c.h; path = FetchingRecordsCell.h; sourceTree = "<group>"; };
		FEFCCCC51FDE53C0004F26A5 /* FetchingRecordsCell.m */ = {isa = PBXFileReference; fileEncoding = 4; lastKnownFileType = sourcecode.c.objc; path = FetchingRecordsCell.m; sourceTree = "<group>"; };
		FEFCCCC61FDE53C0004F26A5 /* FetchingRecordsController.h */ = {isa = PBXFileReference; fileEncoding = 4; lastKnownFileType = sourcecode.c.h; path = FetchingRecordsController.h; sourceTree = "<group>"; };
		FEFCCCC71FDE53C0004F26A5 /* FetchingRecordsController.m */ = {isa = PBXFileReference; fileEncoding = 4; lastKnownFileType = sourcecode.c.objc; path = FetchingRecordsController.m; sourceTree = "<group>"; };
		FEFCCCCB1FDE5726004F26A5 /* SettingViewController.h */ = {isa = PBXFileReference; lastKnownFileType = sourcecode.c.h; path = SettingViewController.h; sourceTree = "<group>"; };
		FEFCCCCC1FDE5726004F26A5 /* SettingViewController.m */ = {isa = PBXFileReference; lastKnownFileType = sourcecode.c.objc; path = SettingViewController.m; sourceTree = "<group>"; };
		FEFCCCCE1FDE5797004F26A5 /* MG_BaseViewController.h */ = {isa = PBXFileReference; lastKnownFileType = sourcecode.c.h; path = MG_BaseViewController.h; sourceTree = "<group>"; };
		FEFCCCCF1FDE5797004F26A5 /* MG_BaseViewController.m */ = {isa = PBXFileReference; lastKnownFileType = sourcecode.c.objc; path = MG_BaseViewController.m; sourceTree = "<group>"; };
		FEFCCCD11FDE580F004F26A5 /* SettingAddressViewController.h */ = {isa = PBXFileReference; lastKnownFileType = sourcecode.c.h; path = SettingAddressViewController.h; sourceTree = "<group>"; };
		FEFCCCD21FDE580F004F26A5 /* SettingAddressViewController.m */ = {isa = PBXFileReference; lastKnownFileType = sourcecode.c.objc; path = SettingAddressViewController.m; sourceTree = "<group>"; };
		FEFCCCD41FDE582A004F26A5 /* AddressTableViewCell.h */ = {isa = PBXFileReference; lastKnownFileType = sourcecode.c.h; path = AddressTableViewCell.h; sourceTree = "<group>"; };
		FEFCCCD51FDE582A004F26A5 /* AddressTableViewCell.m */ = {isa = PBXFileReference; lastKnownFileType = sourcecode.c.objc; path = AddressTableViewCell.m; sourceTree = "<group>"; };
		FEFCCCD71FDE7961004F26A5 /* EditAddressViewController.h */ = {isa = PBXFileReference; lastKnownFileType = sourcecode.c.h; path = EditAddressViewController.h; sourceTree = "<group>"; };
		FEFCCCD81FDE7961004F26A5 /* EditAddressViewController.m */ = {isa = PBXFileReference; lastKnownFileType = sourcecode.c.objc; path = EditAddressViewController.m; sourceTree = "<group>"; };
		FEFCCCDA1FDE884A004F26A5 /* MessageViewController.h */ = {isa = PBXFileReference; lastKnownFileType = sourcecode.c.h; path = MessageViewController.h; sourceTree = "<group>"; };
		FEFCCCDB1FDE884A004F26A5 /* MessageViewController.m */ = {isa = PBXFileReference; lastKnownFileType = sourcecode.c.objc; path = MessageViewController.m; sourceTree = "<group>"; };
		FEFCCCDD1FDE8929004F26A5 /* MessageTableViewCell.h */ = {isa = PBXFileReference; lastKnownFileType = sourcecode.c.h; path = MessageTableViewCell.h; sourceTree = "<group>"; };
		FEFCCCDE1FDE8929004F26A5 /* MessageTableViewCell.m */ = {isa = PBXFileReference; lastKnownFileType = sourcecode.c.objc; path = MessageTableViewCell.m; sourceTree = "<group>"; };
		FEFCCCE11FDE8C0D004F26A5 /* MessageModel.h */ = {isa = PBXFileReference; lastKnownFileType = sourcecode.c.h; path = MessageModel.h; sourceTree = "<group>"; };
		FEFCCCE21FDE8C0D004F26A5 /* MessageModel.m */ = {isa = PBXFileReference; lastKnownFileType = sourcecode.c.objc; path = MessageModel.m; sourceTree = "<group>"; };
/* End PBXFileReference section */

/* Begin PBXFrameworksBuildPhase section */
		FE617B9B1FD53B2300D9FC86 /* Frameworks */ = {
			isa = PBXFrameworksBuildPhase;
			buildActionMask = 2147483647;
			files = (
				C81D591E6BCBF6C47CC03030 /* libPods-MG_PrizeClaw.a in Frameworks */,
			);
			runOnlyForDeploymentPostprocessing = 0;
		};
		FE617BB31FD53B2300D9FC86 /* Frameworks */ = {
			isa = PBXFrameworksBuildPhase;
			buildActionMask = 2147483647;
			files = (
			);
			runOnlyForDeploymentPostprocessing = 0;
		};
		FE617BBE1FD53B2300D9FC86 /* Frameworks */ = {
			isa = PBXFrameworksBuildPhase;
			buildActionMask = 2147483647;
			files = (
			);
			runOnlyForDeploymentPostprocessing = 0;
		};
/* End PBXFrameworksBuildPhase section */

/* Begin PBXGroup section */
		85A1D9CCD6E386F1A4B05CE4 /* Pods */ = {
			isa = PBXGroup;
			children = (
				C06275ED6F8D3D9E775CA0BE /* Pods-MG_PrizeClaw.debug.xcconfig */,
				63745F092C230B9B62F3F0BD /* Pods-MG_PrizeClaw.release.xcconfig */,
			);
			name = Pods;
			sourceTree = "<group>";
		};
		A7A1F7001FD671630076F7A3 /* 首页 */ = {
			isa = PBXGroup;
			children = (
				A7A1F6FD1FD6715A0076F7A3 /* HomeViewController.h */,
				A7A1F6FE1FD6715A0076F7A3 /* HomeViewController.m */,
				FEFCCC0B1FD7C134004F26A5 /* HomeCollectionViewCell.h */,
				FEFCCC0C1FD7C134004F26A5 /* HomeCollectionViewCell.m */,
				FEFCCC0F1FD7CEA1004F26A5 /* HomeCollectHeaderView.h */,
				FEFCCC101FD7CEA1004F26A5 /* HomeCollectHeaderView.m */,
			);
			path = "首页";
			sourceTree = "<group>";
		};
		EAD99A27760DB6C2D5F0ADB8 /* Frameworks */ = {
			isa = PBXGroup;
			children = (
				9F1D777541CC6BF865A12444 /* libPods-MG_PrizeClaw.a */,
			);
			name = Frameworks;
			sourceTree = "<group>";
		};
		FE617B951FD53B2300D9FC86 = {
			isa = PBXGroup;
			children = (
				FE617BA01FD53B2300D9FC86 /* MG_PrizeClaw */,
				FE617BB91FD53B2300D9FC86 /* MG_PrizeClawTests */,
				FE617BC41FD53B2300D9FC86 /* MG_PrizeClawUITests */,
				FE617B9F1FD53B2300D9FC86 /* Products */,
				85A1D9CCD6E386F1A4B05CE4 /* Pods */,
				EAD99A27760DB6C2D5F0ADB8 /* Frameworks */,
			);
			sourceTree = "<group>";
		};
		FE617B9F1FD53B2300D9FC86 /* Products */ = {
			isa = PBXGroup;
			children = (
				FE617B9E1FD53B2300D9FC86 /* MG_PrizeClaw.app */,
				FE617BB61FD53B2300D9FC86 /* MG_PrizeClawTests.xctest */,
				FE617BC11FD53B2300D9FC86 /* MG_PrizeClawUITests.xctest */,
			);
			name = Products;
			sourceTree = "<group>";
		};
		FE617BA01FD53B2300D9FC86 /* MG_PrizeClaw */ = {
			isa = PBXGroup;
			children = (
				FEFCCCCA1FDE570F004F26A5 /* SettingView */,
				FEFCCCC31FDE53C0004F26A5 /* Fetching records */,
				FEFCCC481FD926B8004F26A5 /* 我的 */,
				FEFCCC071FD7BB60004F26A5 /* OpenSource */,
				FE617BA11FD53B2300D9FC86 /* AppDelegate.h */,
				FE617BA21FD53B2300D9FC86 /* AppDelegate.m */,
				FE617BA41FD53B2300D9FC86 /* ViewController.h */,
				FE617BA51FD53B2300D9FC86 /* ViewController.m */,
				FEFCCCCE1FDE5797004F26A5 /* MG_BaseViewController.h */,
				FEFCCCCF1FDE5797004F26A5 /* MG_BaseViewController.m */,
				A7A1F7001FD671630076F7A3 /* 首页 */,
				FE617BA71FD53B2300D9FC86 /* Main.storyboard */,
				FE617BAA1FD53B2300D9FC86 /* Assets.xcassets */,
				FE617BAC1FD53B2300D9FC86 /* LaunchScreen.storyboard */,
				FE617BAF1FD53B2300D9FC86 /* Info.plist */,
				FE617BB01FD53B2300D9FC86 /* main.m */,
				FE617BD31FD53BFD00D9FC86 /* MG_PrizeClaw-Prefix.pch */,
				FEFCCC0E1FD7C445004F26A5 /* MG_PrizeClawCommon.h */,
			);
			path = MG_PrizeClaw;
			sourceTree = "<group>";
		};
		FE617BB91FD53B2300D9FC86 /* MG_PrizeClawTests */ = {
			isa = PBXGroup;
			children = (
				FE617BBA1FD53B2300D9FC86 /* MG_PrizeClawTests.m */,
				FE617BBC1FD53B2300D9FC86 /* Info.plist */,
			);
			path = MG_PrizeClawTests;
			sourceTree = "<group>";
		};
		FE617BC41FD53B2300D9FC86 /* MG_PrizeClawUITests */ = {
			isa = PBXGroup;
			children = (
				FE617BC51FD53B2300D9FC86 /* MG_PrizeClawUITests.m */,
				FE617BC71FD53B2300D9FC86 /* Info.plist */,
			);
			path = MG_PrizeClawUITests;
			sourceTree = "<group>";
		};
		FEFCCC071FD7BB60004F26A5 /* OpenSource */ = {
			isa = PBXGroup;
			children = (
				FEFCCC9E1FD9544D004F26A5 /* SuspendButtonViewController.h */,
				FEFCCC9D1FD9544D004F26A5 /* SuspendButtonViewController.m */,
				FEFCCCA01FD9559C004F26A5 /* suspendImage@2x.png */,
				FEFCCC431FD92388004F26A5 /* UIView+additional.h */,
				FEFCCC441FD92388004F26A5 /* UIView+additional.m */,
				FEFCCC131FD7E2E2004F26A5 /* BannerView */,
				FEFCCC401FD92094004F26A5 /* UIView+LSCore.h */,
				FEFCCC411FD92094004F26A5 /* UIView+LSCore.m */,
			);
			path = OpenSource;
			sourceTree = "<group>";
		};
		FEFCCC131FD7E2E2004F26A5 /* BannerView */ = {
			isa = PBXGroup;
			children = (
				FEFCCC291FD7ED8D004F26A5 /* SDCycleScrollView */,
			);
			path = BannerView;
			sourceTree = "<group>";
		};
		FEFCCC291FD7ED8D004F26A5 /* SDCycleScrollView */ = {
			isa = PBXGroup;
			children = (
				FEFCCC2A1FD7ED8D004F26A5 /* PageControl */,
				FEFCCC331FD7ED8D004F26A5 /* SDCollectionViewCell.h */,
				FEFCCC341FD7ED8D004F26A5 /* SDCollectionViewCell.m */,
				FEFCCC351FD7ED8D004F26A5 /* SDCycleScrollView.h */,
				FEFCCC361FD7ED8D004F26A5 /* SDCycleScrollView.m */,
				FEFCCC371FD7ED8D004F26A5 /* UIView+SDExtension.h */,
				FEFCCC381FD7ED8D004F26A5 /* UIView+SDExtension.m */,
			);
			path = SDCycleScrollView;
			sourceTree = "<group>";
		};
		FEFCCC2A1FD7ED8D004F26A5 /* PageControl */ = {
			isa = PBXGroup;
			children = (
				FEFCCC2B1FD7ED8D004F26A5 /* TAAbstractDotView.h */,
				FEFCCC2C1FD7ED8D004F26A5 /* TAAbstractDotView.m */,
				FEFCCC2D1FD7ED8D004F26A5 /* TAAnimatedDotView.h */,
				FEFCCC2E1FD7ED8D004F26A5 /* TAAnimatedDotView.m */,
				FEFCCC2F1FD7ED8D004F26A5 /* TADotView.h */,
				FEFCCC301FD7ED8D004F26A5 /* TADotView.m */,
				FEFCCC311FD7ED8D004F26A5 /* TAPageControl.h */,
				FEFCCC321FD7ED8D004F26A5 /* TAPageControl.m */,
			);
			path = PageControl;
			sourceTree = "<group>";
		};
		FEFCCC481FD926B8004F26A5 /* 我的 */ = {
			isa = PBXGroup;
			children = (
				FEFCCC491FD926B8004F26A5 /* MyCollectionViewCell.h */,
				FEFCCC4A1FD926B8004F26A5 /* MyCollectionViewCell.m */,
				FEFCCC4B1FD926B8004F26A5 /* MyViewController.h */,
				FEFCCC4C1FD926B8004F26A5 /* MyViewController.m */,
				FEFCCC4D1FD926B8004F26A5 /* NavView.h */,
				FEFCCC4E1FD926B8004F26A5 /* NavView.m */,
			);
			path = "我的";
			sourceTree = "<group>";
		};
		FEFCCCC31FDE53C0004F26A5 /* Fetching records */ = {
			isa = PBXGroup;
			children = (
				FEFCCCC41FDE53C0004F26A5 /* FetchingRecordsCell.h */,
				FEFCCCC51FDE53C0004F26A5 /* FetchingRecordsCell.m */,
				FEFCCCC61FDE53C0004F26A5 /* FetchingRecordsController.h */,
				FEFCCCC71FDE53C0004F26A5 /* FetchingRecordsController.m */,
			);
			path = "Fetching records";
			sourceTree = "<group>";
		};
		FEFCCCCA1FDE570F004F26A5 /* SettingView */ = {
			isa = PBXGroup;
			children = (
				FEFCCCE01FDE8BF6004F26A5 /* SetModel */,
				FEFCCCCB1FDE5726004F26A5 /* SettingViewController.h */,
				FEFCCCCC1FDE5726004F26A5 /* SettingViewController.m */,
				FEFCCCD11FDE580F004F26A5 /* SettingAddressViewController.h */,
				FEFCCCD21FDE580F004F26A5 /* SettingAddressViewController.m */,
				FEFCCCD41FDE582A004F26A5 /* AddressTableViewCell.h */,
				FEFCCCD51FDE582A004F26A5 /* AddressTableViewCell.m */,
				FEFCCCD71FDE7961004F26A5 /* EditAddressViewController.h */,
				FEFCCCD81FDE7961004F26A5 /* EditAddressViewController.m */,
				FEFCCCDA1FDE884A004F26A5 /* MessageViewController.h */,
				FEFCCCDB1FDE884A004F26A5 /* MessageViewController.m */,
				FEFCCCDD1FDE8929004F26A5 /* MessageTableViewCell.h */,
				FEFCCCDE1FDE8929004F26A5 /* MessageTableViewCell.m */,
			);
			path = SettingView;
			sourceTree = "<group>";
		};
		FEFCCCE01FDE8BF6004F26A5 /* SetModel */ = {
			isa = PBXGroup;
			children = (
				FEFCCCE11FDE8C0D004F26A5 /* MessageModel.h */,
				FEFCCCE21FDE8C0D004F26A5 /* MessageModel.m */,
			);
			path = SetModel;
			sourceTree = "<group>";
		};
/* End PBXGroup section */

/* Begin PBXNativeTarget section */
		FE617B9D1FD53B2300D9FC86 /* MG_PrizeClaw */ = {
			isa = PBXNativeTarget;
			buildConfigurationList = FE617BCA1FD53B2300D9FC86 /* Build configuration list for PBXNativeTarget "MG_PrizeClaw" */;
			buildPhases = (
				78A82659CB8152205F08EEE9 /* [CP] Check Pods Manifest.lock */,
				FE617B9A1FD53B2300D9FC86 /* Sources */,
				FE617B9B1FD53B2300D9FC86 /* Frameworks */,
				FE617B9C1FD53B2300D9FC86 /* Resources */,
				FB586DC94BD3BFF1B96C70B6 /* [CP] Embed Pods Frameworks */,
				1AD8D094452B65355A089B77 /* [CP] Copy Pods Resources */,
			);
			buildRules = (
			);
			dependencies = (
			);
			name = MG_PrizeClaw;
			productName = MG_PrizeClaw;
			productReference = FE617B9E1FD53B2300D9FC86 /* MG_PrizeClaw.app */;
			productType = "com.apple.product-type.application";
		};
		FE617BB51FD53B2300D9FC86 /* MG_PrizeClawTests */ = {
			isa = PBXNativeTarget;
			buildConfigurationList = FE617BCD1FD53B2300D9FC86 /* Build configuration list for PBXNativeTarget "MG_PrizeClawTests" */;
			buildPhases = (
				FE617BB21FD53B2300D9FC86 /* Sources */,
				FE617BB31FD53B2300D9FC86 /* Frameworks */,
				FE617BB41FD53B2300D9FC86 /* Resources */,
			);
			buildRules = (
			);
			dependencies = (
				FE617BB81FD53B2300D9FC86 /* PBXTargetDependency */,
			);
			name = MG_PrizeClawTests;
			productName = MG_PrizeClawTests;
			productReference = FE617BB61FD53B2300D9FC86 /* MG_PrizeClawTests.xctest */;
			productType = "com.apple.product-type.bundle.unit-test";
		};
		FE617BC01FD53B2300D9FC86 /* MG_PrizeClawUITests */ = {
			isa = PBXNativeTarget;
			buildConfigurationList = FE617BD01FD53B2300D9FC86 /* Build configuration list for PBXNativeTarget "MG_PrizeClawUITests" */;
			buildPhases = (
				FE617BBD1FD53B2300D9FC86 /* Sources */,
				FE617BBE1FD53B2300D9FC86 /* Frameworks */,
				FE617BBF1FD53B2300D9FC86 /* Resources */,
			);
			buildRules = (
			);
			dependencies = (
				FE617BC31FD53B2300D9FC86 /* PBXTargetDependency */,
			);
			name = MG_PrizeClawUITests;
			productName = MG_PrizeClawUITests;
			productReference = FE617BC11FD53B2300D9FC86 /* MG_PrizeClawUITests.xctest */;
			productType = "com.apple.product-type.bundle.ui-testing";
		};
/* End PBXNativeTarget section */

/* Begin PBXProject section */
		FE617B961FD53B2300D9FC86 /* Project object */ = {
			isa = PBXProject;
			attributes = {
				LastUpgradeCheck = 0910;
				ORGANIZATIONNAME = "高向楠";
				TargetAttributes = {
					FE617B9D1FD53B2300D9FC86 = {
						CreatedOnToolsVersion = 9.1;
						ProvisioningStyle = Automatic;
					};
					FE617BB51FD53B2300D9FC86 = {
						CreatedOnToolsVersion = 9.1;
						ProvisioningStyle = Automatic;
						TestTargetID = FE617B9D1FD53B2300D9FC86;
					};
					FE617BC01FD53B2300D9FC86 = {
						CreatedOnToolsVersion = 9.1;
						ProvisioningStyle = Automatic;
						TestTargetID = FE617B9D1FD53B2300D9FC86;
					};
				};
			};
			buildConfigurationList = FE617B991FD53B2300D9FC86 /* Build configuration list for PBXProject "MG_PrizeClaw" */;
			compatibilityVersion = "Xcode 8.0";
			developmentRegion = en;
			hasScannedForEncodings = 0;
			knownRegions = (
				en,
				Base,
			);
			mainGroup = FE617B951FD53B2300D9FC86;
			productRefGroup = FE617B9F1FD53B2300D9FC86 /* Products */;
			projectDirPath = "";
			projectRoot = "";
			targets = (
				FE617B9D1FD53B2300D9FC86 /* MG_PrizeClaw */,
				FE617BB51FD53B2300D9FC86 /* MG_PrizeClawTests */,
				FE617BC01FD53B2300D9FC86 /* MG_PrizeClawUITests */,
			);
		};
/* End PBXProject section */

/* Begin PBXResourcesBuildPhase section */
		FE617B9C1FD53B2300D9FC86 /* Resources */ = {
			isa = PBXResourcesBuildPhase;
			buildActionMask = 2147483647;
			files = (
				FE617BAE1FD53B2300D9FC86 /* LaunchScreen.storyboard in Resources */,
				FEFCCCA11FD9559C004F26A5 /* suspendImage@2x.png in Resources */,
				FE617BAB1FD53B2300D9FC86 /* Assets.xcassets in Resources */,
				FE617BA91FD53B2300D9FC86 /* Main.storyboard in Resources */,
			);
			runOnlyForDeploymentPostprocessing = 0;
		};
		FE617BB41FD53B2300D9FC86 /* Resources */ = {
			isa = PBXResourcesBuildPhase;
			buildActionMask = 2147483647;
			files = (
			);
			runOnlyForDeploymentPostprocessing = 0;
		};
		FE617BBF1FD53B2300D9FC86 /* Resources */ = {
			isa = PBXResourcesBuildPhase;
			buildActionMask = 2147483647;
			files = (
			);
			runOnlyForDeploymentPostprocessing = 0;
		};
/* End PBXResourcesBuildPhase section */

/* Begin PBXShellScriptBuildPhase section */
		1AD8D094452B65355A089B77 /* [CP] Copy Pods Resources */ = {
			isa = PBXShellScriptBuildPhase;
			buildActionMask = 2147483647;
			files = (
			);
			inputPaths = (
				"${SRCROOT}/Pods/Target Support Files/Pods-MG_PrizeClaw/Pods-MG_PrizeClaw-resources.sh",
				"${PODS_ROOT}/AMap3DMap/MAMapKit.framework/AMap.bundle",
				"${PODS_ROOT}/AMapNavi/AMapNaviKit.framework/AMapNavi.bundle",
				"${PODS_ROOT}/MJRefresh/MJRefresh/MJRefresh.bundle",
			);
			name = "[CP] Copy Pods Resources";
			outputPaths = (
				"${TARGET_BUILD_DIR}/${UNLOCALIZED_RESOURCES_FOLDER_PATH}",
			);
			runOnlyForDeploymentPostprocessing = 0;
			shellPath = /bin/sh;
			shellScript = "\"${SRCROOT}/Pods/Target Support Files/Pods-MG_PrizeClaw/Pods-MG_PrizeClaw-resources.sh\"\n";
			showEnvVarsInLog = 0;
		};
		78A82659CB8152205F08EEE9 /* [CP] Check Pods Manifest.lock */ = {
			isa = PBXShellScriptBuildPhase;
			buildActionMask = 2147483647;
			files = (
			);
			inputPaths = (
				"${PODS_PODFILE_DIR_PATH}/Podfile.lock",
				"${PODS_ROOT}/Manifest.lock",
			);
			name = "[CP] Check Pods Manifest.lock";
			outputPaths = (
				"$(DERIVED_FILE_DIR)/Pods-MG_PrizeClaw-checkManifestLockResult.txt",
			);
			runOnlyForDeploymentPostprocessing = 0;
			shellPath = /bin/sh;
			shellScript = "diff \"${PODS_PODFILE_DIR_PATH}/Podfile.lock\" \"${PODS_ROOT}/Manifest.lock\" > /dev/null\nif [ $? != 0 ] ; then\n    # print error to STDERR\n    echo \"error: The sandbox is not in sync with the Podfile.lock. Run 'pod install' or update your CocoaPods installation.\" >&2\n    exit 1\nfi\n# This output is used by Xcode 'outputs' to avoid re-running this script phase.\necho \"SUCCESS\" > \"${SCRIPT_OUTPUT_FILE_0}\"\n";
			showEnvVarsInLog = 0;
		};
		FB586DC94BD3BFF1B96C70B6 /* [CP] Embed Pods Frameworks */ = {
			isa = PBXShellScriptBuildPhase;
			buildActionMask = 2147483647;
			files = (
			);
			inputPaths = (
			);
			name = "[CP] Embed Pods Frameworks";
			outputPaths = (
			);
			runOnlyForDeploymentPostprocessing = 0;
			shellPath = /bin/sh;
			shellScript = "\"${SRCROOT}/Pods/Target Support Files/Pods-MG_PrizeClaw/Pods-MG_PrizeClaw-frameworks.sh\"\n";
			showEnvVarsInLog = 0;
		};
/* End PBXShellScriptBuildPhase section */

/* Begin PBXSourcesBuildPhase section */
		FE617B9A1FD53B2300D9FC86 /* Sources */ = {
			isa = PBXSourcesBuildPhase;
			buildActionMask = 2147483647;
			files = (
				FEFCCC421FD92094004F26A5 /* UIView+LSCore.m in Sources */,
				FEFCCC9F1FD9544D004F26A5 /* SuspendButtonViewController.m in Sources */,
				FEFCCCC81FDE53C0004F26A5 /* FetchingRecordsCell.m in Sources */,
				FEFCCC3D1FD7ED8D004F26A5 /* SDCollectionViewCell.m in Sources */,
				FEFCCCE31FDE8C0D004F26A5 /* MessageModel.m in Sources */,
				FEFCCCD01FDE5797004F26A5 /* MG_BaseViewController.m in Sources */,
				FEFCCC3A1FD7ED8D004F26A5 /* TAAnimatedDotView.m in Sources */,
				FEFCCC3B1FD7ED8D004F26A5 /* TADotView.m in Sources */,
				FE617BA61FD53B2300D9FC86 /* ViewController.m in Sources */,
				FEFCCC111FD7CEA1004F26A5 /* HomeCollectHeaderView.m in Sources */,
				FEFCCCDF1FDE8929004F26A5 /* MessageTableViewCell.m in Sources */,
				FEFCCC451FD92388004F26A5 /* UIView+additional.m in Sources */,
				FEFCCCCD1FDE5726004F26A5 /* SettingViewController.m in Sources */,
				FE617BB11FD53B2300D9FC86 /* main.m in Sources */,
				FEFCCCD31FDE580F004F26A5 /* SettingAddressViewController.m in Sources */,
				FEFCCCD91FDE7961004F26A5 /* EditAddressViewController.m in Sources */,
				FEFCCC391FD7ED8D004F26A5 /* TAAbstractDotView.m in Sources */,
				FEFCCC3F1FD7ED8D004F26A5 /* UIView+SDExtension.m in Sources */,
				FEFCCC3E1FD7ED8D004F26A5 /* SDCycleScrollView.m in Sources */,
				FE617BA31FD53B2300D9FC86 /* AppDelegate.m in Sources */,
				FEFCCC501FD926B8004F26A5 /* MyViewController.m in Sources */,
				FEFCCCD61FDE582A004F26A5 /* AddressTableViewCell.m in Sources */,
				FEFCCC3C1FD7ED8D004F26A5 /* TAPageControl.m in Sources */,
				FEFCCC511FD926B8004F26A5 /* NavView.m in Sources */,
				A7A1F6FF1FD6715A0076F7A3 /* HomeViewController.m in Sources */,
				FEFCCC4F1FD926B8004F26A5 /* MyCollectionViewCell.m in Sources */,
				FEFCCCDC1FDE884A004F26A5 /* MessageViewController.m in Sources */,
				FEFCCCC91FDE53C0004F26A5 /* FetchingRecordsController.m in Sources */,
				FEFCCC0D1FD7C134004F26A5 /* HomeCollectionViewCell.m in Sources */,
			);
			runOnlyForDeploymentPostprocessing = 0;
		};
		FE617BB21FD53B2300D9FC86 /* Sources */ = {
			isa = PBXSourcesBuildPhase;
			buildActionMask = 2147483647;
			files = (
				FE617BBB1FD53B2300D9FC86 /* MG_PrizeClawTests.m in Sources */,
			);
			runOnlyForDeploymentPostprocessing = 0;
		};
		FE617BBD1FD53B2300D9FC86 /* Sources */ = {
			isa = PBXSourcesBuildPhase;
			buildActionMask = 2147483647;
			files = (
				FE617BC61FD53B2300D9FC86 /* MG_PrizeClawUITests.m in Sources */,
			);
			runOnlyForDeploymentPostprocessing = 0;
		};
/* End PBXSourcesBuildPhase section */

/* Begin PBXTargetDependency section */
		FE617BB81FD53B2300D9FC86 /* PBXTargetDependency */ = {
			isa = PBXTargetDependency;
			target = FE617B9D1FD53B2300D9FC86 /* MG_PrizeClaw */;
			targetProxy = FE617BB71FD53B2300D9FC86 /* PBXContainerItemProxy */;
		};
		FE617BC31FD53B2300D9FC86 /* PBXTargetDependency */ = {
			isa = PBXTargetDependency;
			target = FE617B9D1FD53B2300D9FC86 /* MG_PrizeClaw */;
			targetProxy = FE617BC21FD53B2300D9FC86 /* PBXContainerItemProxy */;
		};
/* End PBXTargetDependency section */

/* Begin PBXVariantGroup section */
		FE617BA71FD53B2300D9FC86 /* Main.storyboard */ = {
			isa = PBXVariantGroup;
			children = (
				FE617BA81FD53B2300D9FC86 /* Base */,
			);
			name = Main.storyboard;
			sourceTree = "<group>";
		};
		FE617BAC1FD53B2300D9FC86 /* LaunchScreen.storyboard */ = {
			isa = PBXVariantGroup;
			children = (
				FE617BAD1FD53B2300D9FC86 /* Base */,
			);
			name = LaunchScreen.storyboard;
			sourceTree = "<group>";
		};
/* End PBXVariantGroup section */

/* Begin XCBuildConfiguration section */
		FE617BC81FD53B2300D9FC86 /* Debug */ = {
			isa = XCBuildConfiguration;
			buildSettings = {
				ALWAYS_SEARCH_USER_PATHS = NO;
				CLANG_ANALYZER_NONNULL = YES;
				CLANG_ANALYZER_NUMBER_OBJECT_CONVERSION = YES_AGGRESSIVE;
				CLANG_CXX_LANGUAGE_STANDARD = "gnu++14";
				CLANG_CXX_LIBRARY = "libc++";
				CLANG_ENABLE_MODULES = YES;
				CLANG_ENABLE_OBJC_ARC = YES;
				CLANG_WARN_BLOCK_CAPTURE_AUTORELEASING = YES;
				CLANG_WARN_BOOL_CONVERSION = YES;
				CLANG_WARN_COMMA = YES;
				CLANG_WARN_CONSTANT_CONVERSION = YES;
				CLANG_WARN_DIRECT_OBJC_ISA_USAGE = YES_ERROR;
				CLANG_WARN_DOCUMENTATION_COMMENTS = YES;
				CLANG_WARN_EMPTY_BODY = YES;
				CLANG_WARN_ENUM_CONVERSION = YES;
				CLANG_WARN_INFINITE_RECURSION = YES;
				CLANG_WARN_INT_CONVERSION = YES;
				CLANG_WARN_NON_LITERAL_NULL_CONVERSION = YES;
				CLANG_WARN_OBJC_LITERAL_CONVERSION = YES;
				CLANG_WARN_OBJC_ROOT_CLASS = YES_ERROR;
				CLANG_WARN_RANGE_LOOP_ANALYSIS = YES;
				CLANG_WARN_STRICT_PROTOTYPES = YES;
				CLANG_WARN_SUSPICIOUS_MOVE = YES;
				CLANG_WARN_UNGUARDED_AVAILABILITY = YES_AGGRESSIVE;
				CLANG_WARN_UNREACHABLE_CODE = YES;
				CLANG_WARN__DUPLICATE_METHOD_MATCH = YES;
				CODE_SIGN_IDENTITY = "iPhone Developer";
				COPY_PHASE_STRIP = NO;
				DEBUG_INFORMATION_FORMAT = dwarf;
				ENABLE_STRICT_OBJC_MSGSEND = YES;
				ENABLE_TESTABILITY = YES;
				GCC_C_LANGUAGE_STANDARD = gnu11;
				GCC_DYNAMIC_NO_PIC = NO;
				GCC_NO_COMMON_BLOCKS = YES;
				GCC_OPTIMIZATION_LEVEL = 0;
				GCC_PREPROCESSOR_DEFINITIONS = (
					"DEBUG=1",
					"$(inherited)",
				);
				GCC_WARN_64_TO_32_BIT_CONVERSION = YES;
				GCC_WARN_ABOUT_RETURN_TYPE = YES_ERROR;
				GCC_WARN_UNDECLARED_SELECTOR = YES;
				GCC_WARN_UNINITIALIZED_AUTOS = YES_AGGRESSIVE;
				GCC_WARN_UNUSED_FUNCTION = YES;
				GCC_WARN_UNUSED_VARIABLE = YES;
				IPHONEOS_DEPLOYMENT_TARGET = 11.1;
				MTL_ENABLE_DEBUG_INFO = YES;
				ONLY_ACTIVE_ARCH = YES;
				SDKROOT = iphoneos;
			};
			name = Debug;
		};
		FE617BC91FD53B2300D9FC86 /* Release */ = {
			isa = XCBuildConfiguration;
			buildSettings = {
				ALWAYS_SEARCH_USER_PATHS = NO;
				CLANG_ANALYZER_NONNULL = YES;
				CLANG_ANALYZER_NUMBER_OBJECT_CONVERSION = YES_AGGRESSIVE;
				CLANG_CXX_LANGUAGE_STANDARD = "gnu++14";
				CLANG_CXX_LIBRARY = "libc++";
				CLANG_ENABLE_MODULES = YES;
				CLANG_ENABLE_OBJC_ARC = YES;
				CLANG_WARN_BLOCK_CAPTURE_AUTORELEASING = YES;
				CLANG_WARN_BOOL_CONVERSION = YES;
				CLANG_WARN_COMMA = YES;
				CLANG_WARN_CONSTANT_CONVERSION = YES;
				CLANG_WARN_DIRECT_OBJC_ISA_USAGE = YES_ERROR;
				CLANG_WARN_DOCUMENTATION_COMMENTS = YES;
				CLANG_WARN_EMPTY_BODY = YES;
				CLANG_WARN_ENUM_CONVERSION = YES;
				CLANG_WARN_INFINITE_RECURSION = YES;
				CLANG_WARN_INT_CONVERSION = YES;
				CLANG_WARN_NON_LITERAL_NULL_CONVERSION = YES;
				CLANG_WARN_OBJC_LITERAL_CONVERSION = YES;
				CLANG_WARN_OBJC_ROOT_CLASS = YES_ERROR;
				CLANG_WARN_RANGE_LOOP_ANALYSIS = YES;
				CLANG_WARN_STRICT_PROTOTYPES = YES;
				CLANG_WARN_SUSPICIOUS_MOVE = YES;
				CLANG_WARN_UNGUARDED_AVAILABILITY = YES_AGGRESSIVE;
				CLANG_WARN_UNREACHABLE_CODE = YES;
				CLANG_WARN__DUPLICATE_METHOD_MATCH = YES;
				CODE_SIGN_IDENTITY = "iPhone Developer";
				COPY_PHASE_STRIP = NO;
				DEBUG_INFORMATION_FORMAT = "dwarf-with-dsym";
				ENABLE_NS_ASSERTIONS = NO;
				ENABLE_STRICT_OBJC_MSGSEND = YES;
				GCC_C_LANGUAGE_STANDARD = gnu11;
				GCC_NO_COMMON_BLOCKS = YES;
				GCC_WARN_64_TO_32_BIT_CONVERSION = YES;
				GCC_WARN_ABOUT_RETURN_TYPE = YES_ERROR;
				GCC_WARN_UNDECLARED_SELECTOR = YES;
				GCC_WARN_UNINITIALIZED_AUTOS = YES_AGGRESSIVE;
				GCC_WARN_UNUSED_FUNCTION = YES;
				GCC_WARN_UNUSED_VARIABLE = YES;
				IPHONEOS_DEPLOYMENT_TARGET = 11.1;
				MTL_ENABLE_DEBUG_INFO = NO;
				SDKROOT = iphoneos;
				VALIDATE_PRODUCT = YES;
			};
			name = Release;
		};
		FE617BCB1FD53B2300D9FC86 /* Debug */ = {
			isa = XCBuildConfiguration;
			baseConfigurationReference = C06275ED6F8D3D9E775CA0BE /* Pods-MG_PrizeClaw.debug.xcconfig */;
			buildSettings = {
				CODE_SIGN_STYLE = Automatic;
				DEVELOPMENT_TEAM = EL7N728QN5;
				ENABLE_BITCODE = NO;
				FRAMEWORK_SEARCH_PATHS = (
					"$(inherited)",
					"$(PROJECT_DIR)/MG_PrizeClaw/OpenSource/iphoneos_simulator",
				);
				GCC_PRECOMPILE_PREFIX_HEADER = YES;
				GCC_PREFIX_HEADER = "MG_PrizeClaw/MG_PrizeClaw-Prefix.pch";
				INFOPLIST_FILE = MG_PrizeClaw/Info.plist;
				IPHONEOS_DEPLOYMENT_TARGET = 8.2;
				LD_RUNPATH_SEARCH_PATHS = "$(inherited) @executable_path/Frameworks";
				PRODUCT_BUNDLE_IDENTIFIER = "ViewLayer.MG-PrizeClaw";
				PRODUCT_NAME = "$(TARGET_NAME)";
				TARGETED_DEVICE_FAMILY = 1;
			};
			name = Debug;
		};
		FE617BCC1FD53B2300D9FC86 /* Release */ = {
			isa = XCBuildConfiguration;
			baseConfigurationReference = 63745F092C230B9B62F3F0BD /* Pods-MG_PrizeClaw.release.xcconfig */;
			buildSettings = {
				CODE_SIGN_STYLE = Automatic;
				DEVELOPMENT_TEAM = EL7N728QN5;
				ENABLE_BITCODE = NO;
				FRAMEWORK_SEARCH_PATHS = (
					"$(inherited)",
					"$(PROJECT_DIR)/MG_PrizeClaw/OpenSource/iphoneos_simulator",
				);
				GCC_PRECOMPILE_PREFIX_HEADER = YES;
				GCC_PREFIX_HEADER = "MG_PrizeClaw/MG_PrizeClaw-Prefix.pch";
				INFOPLIST_FILE = MG_PrizeClaw/Info.plist;
				IPHONEOS_DEPLOYMENT_TARGET = 8.2;
				LD_RUNPATH_SEARCH_PATHS = "$(inherited) @executable_path/Frameworks";
				PRODUCT_BUNDLE_IDENTIFIER = "ViewLayer.MG-PrizeClaw";
				PRODUCT_NAME = "$(TARGET_NAME)";
				TARGETED_DEVICE_FAMILY = 1;
			};
			name = Release;
		};
		FE617BCE1FD53B2300D9FC86 /* Debug */ = {
			isa = XCBuildConfiguration;
			buildSettings = {
				BUNDLE_LOADER = "$(TEST_HOST)";
				CODE_SIGN_STYLE = Automatic;
				INFOPLIST_FILE = MG_PrizeClawTests/Info.plist;
				LD_RUNPATH_SEARCH_PATHS = "$(inherited) @executable_path/Frameworks @loader_path/Frameworks";
				PRODUCT_BUNDLE_IDENTIFIER = "ViewLayer.MG-PrizeClawTests";
				PRODUCT_NAME = "$(TARGET_NAME)";
				TARGETED_DEVICE_FAMILY = "1,2";
				TEST_HOST = "$(BUILT_PRODUCTS_DIR)/MG_PrizeClaw.app/MG_PrizeClaw";
			};
			name = Debug;
		};
		FE617BCF1FD53B2300D9FC86 /* Release */ = {
			isa = XCBuildConfiguration;
			buildSettings = {
				BUNDLE_LOADER = "$(TEST_HOST)";
				CODE_SIGN_STYLE = Automatic;
				INFOPLIST_FILE = MG_PrizeClawTests/Info.plist;
				LD_RUNPATH_SEARCH_PATHS = "$(inherited) @executable_path/Frameworks @loader_path/Frameworks";
				PRODUCT_BUNDLE_IDENTIFIER = "ViewLayer.MG-PrizeClawTests";
				PRODUCT_NAME = "$(TARGET_NAME)";
				TARGETED_DEVICE_FAMILY = "1,2";
				TEST_HOST = "$(BUILT_PRODUCTS_DIR)/MG_PrizeClaw.app/MG_PrizeClaw";
			};
			name = Release;
		};
		FE617BD11FD53B2300D9FC86 /* Debug */ = {
			isa = XCBuildConfiguration;
			buildSettings = {
				CODE_SIGN_STYLE = Automatic;
				INFOPLIST_FILE = MG_PrizeClawUITests/Info.plist;
				LD_RUNPATH_SEARCH_PATHS = "$(inherited) @executable_path/Frameworks @loader_path/Frameworks";
				PRODUCT_BUNDLE_IDENTIFIER = "ViewLayer.MG-PrizeClawUITests";
				PRODUCT_NAME = "$(TARGET_NAME)";
				TARGETED_DEVICE_FAMILY = "1,2";
				TEST_TARGET_NAME = MG_PrizeClaw;
			};
			name = Debug;
		};
		FE617BD21FD53B2300D9FC86 /* Release */ = {
			isa = XCBuildConfiguration;
			buildSettings = {
				CODE_SIGN_STYLE = Automatic;
				INFOPLIST_FILE = MG_PrizeClawUITests/Info.plist;
				LD_RUNPATH_SEARCH_PATHS = "$(inherited) @executable_path/Frameworks @loader_path/Frameworks";
				PRODUCT_BUNDLE_IDENTIFIER = "ViewLayer.MG-PrizeClawUITests";
				PRODUCT_NAME = "$(TARGET_NAME)";
				TARGETED_DEVICE_FAMILY = "1,2";
				TEST_TARGET_NAME = MG_PrizeClaw;
			};
			name = Release;
		};
/* End XCBuildConfiguration section */

/* Begin XCConfigurationList section */
		FE617B991FD53B2300D9FC86 /* Build configuration list for PBXProject "MG_PrizeClaw" */ = {
			isa = XCConfigurationList;
			buildConfigurations = (
				FE617BC81FD53B2300D9FC86 /* Debug */,
				FE617BC91FD53B2300D9FC86 /* Release */,
			);
			defaultConfigurationIsVisible = 0;
			defaultConfigurationName = Release;
		};
		FE617BCA1FD53B2300D9FC86 /* Build configuration list for PBXNativeTarget "MG_PrizeClaw" */ = {
			isa = XCConfigurationList;
			buildConfigurations = (
				FE617BCB1FD53B2300D9FC86 /* Debug */,
				FE617BCC1FD53B2300D9FC86 /* Release */,
			);
			defaultConfigurationIsVisible = 0;
			defaultConfigurationName = Release;
		};
		FE617BCD1FD53B2300D9FC86 /* Build configuration list for PBXNativeTarget "MG_PrizeClawTests" */ = {
			isa = XCConfigurationList;
			buildConfigurations = (
				FE617BCE1FD53B2300D9FC86 /* Debug */,
				FE617BCF1FD53B2300D9FC86 /* Release */,
			);
			defaultConfigurationIsVisible = 0;
			defaultConfigurationName = Release;
		};
		FE617BD01FD53B2300D9FC86 /* Build configuration list for PBXNativeTarget "MG_PrizeClawUITests" */ = {
			isa = XCConfigurationList;
			buildConfigurations = (
				FE617BD11FD53B2300D9FC86 /* Debug */,
				FE617BD21FD53B2300D9FC86 /* Release */,
			);
			defaultConfigurationIsVisible = 0;
			defaultConfigurationName = Release;
		};
/* End XCConfigurationList section */
	};
	rootObject = FE617B961FD53B2300D9FC86 /* Project object */;
}
